
Microsoft Visual Studio Solution File, Format Version 12.00
# Visual Studio 2012
Project("{FAE04EC0-301F-11D3-BF4B-00C04F79EFBC}") = "StudentRegistration", "StudentRegistration\StudentRegistration.csproj", "{B267320B-A1EB-4409-A627-5821C9096808}"
EndProject
Global
	GlobalSection(SolutionConfigurationPlatforms) = preSolution
		Debug|Any CPU = Debug|Any CPU
		Release|Any CPU = Release|Any CPU
	EndGlobalSection
	GlobalSection(ProjectConfigurationPlatforms) = postSolution
		{B267320B-A1EB-4409-A627-5821C9096808}.Debug|Any CPU.ActiveCfg = Debug|Any CPU
		{B267320B-A1EB-4409-A627-5821C9096808}.Debug|Any CPU.Build.0 = Debug|Any CPU
		{B267320B-A1EB-4409-A627-5821C9096808}.Release|Any CPU.ActiveCfg = Release|Any CPU
		{B267320B-A1EB-4409-A627-5821C9096808}.Release|Any CPU.Build.0 = Release|Any CPU
	EndGlobalSection
	GlobalSection(SolutionProperties) = preSolution
		HideSolutionNode = FALSE
	EndGlobalSection
EndGlobal
